{
  "version": 4,
  "terraform_version": "1.5.7",
  "serial": 220,
  "lineage": "1c47e8ea-c135-e9ec-a01d-de28dfb60cc5",
  "outputs": {
    "api_endpoint": {
      "value": "https://o6s75krp6i4t4oar2wqcssxz4m0wzvaa.lambda-url.ca-central-1.on.aws/",
      "type": "string"
    },
    "api_gateway_endpoint": {
      "value": "https://3hb3wrud6c.execute-api.ca-central-1.amazonaws.com",
      "type": "string"
    },
    "api_url": {
      "value": "https://o6s75krp6i4t4oar2wqcssxz4m0wzvaa.lambda-url.ca-central-1.on.aws/",
      "type": "string"
    },
    "assets_bucket_name": {
      "value": "vex5hub-assets-899673281585",
      "type": "string"
    },
    "cloudfront_distribution_id": {
      "value": "E2EG8BIAMHW2FN",
      "type": "string"
    },
    "cloudfront_domain_name": {
      "value": "d1ekypl7y84pbl.cloudfront.net",
      "type": "string"
    },
    "data_bucket_name": {
      "value": "vex5hub-data-899673281585",
      "type": "string"
    },
    "deploy_command": {
      "value": "aws s3 sync ./dist s3://vex5hub-website-899673281585 --delete --profile rdp",
      "type": "string"
    },
    "dynamodb_table_name": {
      "value": "vex5hub-data",
      "type": "string"
    },
    "invalidate_command": {
      "value": "aws cloudfront create-invalidation --distribution-id E2EG8BIAMHW2FN --paths '/*' --profile rdp",
      "type": "string"
    },
    "lambda_function_name": {
      "value": "vex5hub-content-updater",
      "type": "string"
    },
    "route53_nameservers": {
      "value": [
        "ns-10.awsdns-01.com",
        "ns-1158.awsdns-16.org",
        "ns-1938.awsdns-50.co.uk",
        "ns-815.awsdns-37.net"
      ],
      "type": [
        "list",
        "string"
      ]
    },
    "website_bucket_name": {
      "value": "vex5hub-website-899673281585",
      "type": "string"
    },
    "website_url": {
      "value": "https://vex5hub.com",
      "type": "string"
    }
  },
  "resources": [
    {
      "mode": "data",
      "type": "archive_file",
      "name": "api_zip",
      "provider": "provider[\"registry.terraform.io/hashicorp/archive\"]",
      "instances": [
        {
          "schema_version": 0,
          "attributes": {
            "exclude_symlink_directories": null,
            "excludes": null,
            "id": "d45da1090798700127025fdd6a7e93b4e8953484",
            "output_base64sha256": "pJQIWcBtku3wnanjPP2Erwlq5d0NBBt+EcZ47xUNALs=",
            "output_base64sha512": "1y+lt+DhaGTQx2MtRjTqY0xd1HxJGt+lffv/IMxVCfUEvtFjKgArwdQn8icbwG6+xeF3Jti2Ez8WwE8Dkylw6Q==",
            "output_file_mode": null,
            "output_md5": "a3b35ca9809a04c8dc1d6e8a66ba3a49",
            "output_path": "./.build/api-handler.zip",
            "output_sha": "d45da1090798700127025fdd6a7e93b4e8953484",
            "output_sha256": "a4940859c06d92edf09da9e33cfd84af096ae5dd0d041b7e11c678ef150d00bb",
            "output_sha512": "d72fa5b7e0e16864d0c7632d4634ea634c5dd47c491adfa57dfbff20cc5509f504bed1632a002bc1d427f2271bc06ebec5e17726d8b6133f16c04f03932970e9",
            "output_size": 1448,
            "source": [],
            "source_content": null,
            "source_content_filename": null,
            "source_dir": "./../../lambda/api-handler",
            "source_file": null,
            "type": "zip"
          },
          "sensitive_attributes": []
        }
      ]
    },
    {
      "mode": "data",
      "type": "archive_file",
      "name": "lambda_zip",
      "provider": "provider[\"registry.terraform.io/hashicorp/archive\"]",
      "instances": [
        {
          "schema_version": 0,
          "attributes": {
            "exclude_symlink_directories": null,
            "excludes": null,
            "id": "b11644b51b28b5b067d4becd8dad786b4ae080fc",
            "output_base64sha256": "V6kg9QovIwmZ6TnU1x3oEIZTmAMQzG7oUL/qSCWmlQw=",
            "output_base64sha512": "az+kgnfTEYDqsFe5SVT6qUg9+825Sy3Hc4q3+lxKeXG/QZ8KoK/4+dh1pGnNOSUOoVxpGjA0omk7QQQiZEpzrw==",
            "output_file_mode": null,
            "output_md5": "b196d373a0b6dc90229520b6f6f77d0d",
            "output_path": "./.build/content-updater.zip",
            "output_sha": "b11644b51b28b5b067d4becd8dad786b4ae080fc",
            "output_sha256": "57a920f50a2f230999e939d4d71de8108653980310cc6ee850bfea4825a6950c",
            "output_sha512": "6b3fa48277d31180eab057b94954faa9483dfbcdb94b2dc7738ab7fa5c4a7971bf419f0aa0aff8f9d875a469cd39250ea15c691a3034a2693b410422644a73af",
            "output_size": 3156,
            "source": [],
            "source_content": null,
            "source_content_filename": null,
            "source_dir": "./../../lambda/content-updater",
            "source_file": null,
            "type": "zip"
          },
          "sensitive_attributes": []
        }
      ]
    },
    {
      "mode": "data",
      "type": "aws_caller_identity",
      "name": "current",
      "provider": "provider[\"registry.terraform.io/hashicorp/aws\"]",
      "instances": [
        {
          "schema_version": 0,
          "attributes": {
            "account_id": "899673281585",
            "arn": "arn:aws:iam::899673281585:user/james",
            "id": "899673281585",
            "user_id": "AIDA5C6FU2QYZA2ALMV6F"
          },
          "sensitive_attributes": []
        }
      ]
    },
    {
      "mode": "data",
      "type": "aws_cloudfront_cache_policy",
      "name": "caching_disabled",
      "provider": "provider[\"registry.terraform.io/hashicorp/aws\"]",
      "instances": [
        {
          "schema_version": 0,
          "attributes": {
            "arn": "arn:aws:cloudfront::899673281585:cache-policy/4135ea2d-6df8-44a3-9df3-4b5a84be39ad",
            "comment": "Policy with caching disabled",
            "default_ttl": 0,
            "etag": "E23ZP02F085DFQ",
            "id": "4135ea2d-6df8-44a3-9df3-4b5a84be39ad",
            "max_ttl": 0,
            "min_ttl": 0,
            "name": "Managed-CachingDisabled",
            "parameters_in_cache_key_and_forwarded_to_origin": [
              {
                "cookies_config": [
                  {
                    "cookie_behavior": "none",
                    "cookies": []
                  }
                ],
                "enable_accept_encoding_brotli": false,
                "enable_accept_encoding_gzip": false,
                "headers_config": [
                  {
                    "header_behavior": "none",
                    "headers": []
                  }
                ],
                "query_strings_config": [
                  {
                    "query_string_behavior": "none",
                    "query_strings": []
                  }
                ]
              }
            ]
          },
          "sensitive_attributes": []
        }
      ]
    },
    {
      "mode": "data",
      "type": "aws_cloudfront_origin_request_policy",
      "name": "all_viewer_except_host_header",
      "provider": "provider[\"registry.terraform.io/hashicorp/aws\"]",
      "instances": [
        {
          "schema_version": 0,
          "attributes": {
            "arn": "arn:aws:cloudfront::899673281585:origin-request-policy/b689b0a8-53d0-40ab-baf2-68738e2966ac",
            "comment": "Policy to forward all parameters in viewer requests except for the Host header",
            "cookies_config": [
              {
                "cookie_behavior": "all",
                "cookies": []
              }
            ],
            "etag": "E23ZP02F085DFQ",
            "headers_config": [
              {
                "header_behavior": "allExcept",
                "headers": [
                  {
                    "items": [
                      "host"
                    ]
                  }
                ]
              }
            ],
            "id": "b689b0a8-53d0-40ab-baf2-68738e2966ac",
            "name": "Managed-AllViewerExceptHostHeader",
            "query_strings_config": [
              {
                "query_string_behavior": "all",
                "query_strings": []
              }
            ]
          },
          "sensitive_attributes": []
        }
      ]
    },
    {
      "mode": "managed",
      "type": "aws_acm_certificate",
      "name": "main",
      "provider": "provider[\"registry.terraform.io/hashicorp/aws\"].us_east_1",
      "instances": [
        {
          "index_key": 0,
          "schema_version": 0,
          "attributes": {
            "arn": "arn:aws:acm:us-east-1:899673281585:certificate/cac9b57c-dd27-4d22-adf5-65118e7966e9",
            "certificate_authority_arn": "",
            "certificate_body": null,
            "certificate_chain": null,
            "domain_name": "vex5hub.com",
            "domain_validation_options": [
              {
                "domain_name": "vex5hub.com",
                "resource_record_name": "_4f5881a2fe68fe171bec6ab793d0a6e6.vex5hub.com.",
                "resource_record_type": "CNAME",
                "resource_record_value": "_983f10e0620ccaca400a3eb5d9056035.jkddzztszm.acm-validations.aws."
              },
              {
                "domain_name": "www.vex5hub.com",
                "resource_record_name": "_d5108c08abede3c56136123ab09af8bf.www.vex5hub.com.",
                "resource_record_type": "CNAME",
                "resource_record_value": "_59f892f8184e33dfc48dc196dfdcf2c0.jkddzztszm.acm-validations.aws."
              }
            ],
            "early_renewal_duration": "",
            "id": "arn:aws:acm:us-east-1:899673281585:certificate/cac9b57c-dd27-4d22-adf5-65118e7966e9",
            "key_algorithm": "RSA_2048",
            "not_after": "2027-03-12T23:59:59Z",
            "not_before": "2026-02-11T00:00:00Z",
            "options": [
              {
                "certificate_transparency_logging_preference": "ENABLED"
              }
            ],
            "pending_renewal": false,
            "private_key": null,
            "renewal_eligibility": "ELIGIBLE",
            "renewal_summary": [],
            "status": "ISSUED",
            "subject_alternative_names": [
              "vex5hub.com",
              "www.vex5hub.com"
            ],
            "tags": {
              "Name": "vex5hub-cert"
            },
            "tags_all": {
              "Environment": "production",
              "ManagedBy": "terraform",
              "Name": "vex5hub-cert",
              "Project": "vex5hub-site"
            },
            "type": "AMAZON_ISSUED",
            "validation_emails": [],
            "validation_method": "DNS",
            "validation_option": []
          },
          "sensitive_attributes": [],
          "private": "bnVsbA==",
          "create_before_destroy": true
        }
      ]
    },
    {
      "mode": "managed",
      "type": "aws_acm_certificate_validation",
      "name": "main",
      "provider": "provider[\"registry.terraform.io/hashicorp/aws\"].us_east_1",
      "instances": [
        {
          "index_key": 0,
          "schema_version": 0,
          "attributes": {
            "certificate_arn": "arn:aws:acm:us-east-1:899673281585:certificate/cac9b57c-dd27-4d22-adf5-65118e7966e9",
            "id": "2026-02-11 22:58:41.213 +0000 UTC",
            "timeouts": null,
            "validation_record_fqdns": [
              "_4f5881a2fe68fe171bec6ab793d0a6e6.vex5hub.com",
              "_d5108c08abede3c56136123ab09af8bf.www.vex5hub.com"
            ]
          },
          "sensitive_attributes": [],
          "private": "eyJlMmJmYjczMC1lY2FhLTExZTYtOGY4OC0zNDM2M2JjN2M0YzAiOnsiY3JlYXRlIjo0NTAwMDAwMDAwMDAwfX0=",
          "dependencies": [
            "aws_acm_certificate.main",
            "aws_route53_record.cert_validation",
            "aws_route53_zone.main"
          ]
        }
      ]
    },
    {
      "mode": "managed",
      "type": "aws_apigatewayv2_api",
      "name": "main",
      "provider": "provider[\"registry.terraform.io/hashicorp/aws\"]",
      "instances": [
        {
          "schema_version": 0,
          "attributes": {
            "api_endpoint": "https://3hb3wrud6c.execute-api.ca-central-1.amazonaws.com",
            "api_key_selection_expression": "$request.header.x-api-key",
            "arn": "arn:aws:apigateway:ca-central-1::/apis/3hb3wrud6c",
            "body": null,
            "cors_configuration": [
              {
                "allow_credentials": false,
                "allow_headers": [
                  "authorization",
                  "content-type",
                  "x-amz-date",
                  "x-amz-security-token",
                  "x-api-key"
                ],
                "allow_methods": [
                  "GET",
                  "OPTIONS",
                  "POST"
                ],
                "allow_origins": [
                  "*"
                ],
                "expose_headers": [],
                "max_age": 300
              }
            ],
            "credentials_arn": null,
            "description": "",
            "disable_execute_api_endpoint": false,
            "execution_arn": "arn:aws:execute-api:ca-central-1:899673281585:3hb3wrud6c",
            "fail_on_warnings": null,
            "id": "3hb3wrud6c",
            "ip_address_type": "ipv4",
            "name": "vex5hub-api",
            "protocol_type": "HTTP",
            "route_key": null,
            "route_selection_expression": "$request.method $request.path",
            "tags": {},
            "tags_all": {
              "Environment": "production",
              "ManagedBy": "terraform",
              "Project": "vex5hub-site"
            },
            "target": null,
            "version": ""
          },
          "sensitive_attributes": [],
          "private": "bnVsbA=="
        }
      ]
    },
    {
      "mode": "managed",
      "type": "aws_apigatewayv2_integration",
      "name": "lambda",
      "provider": "provider[\"registry.terraform.io/hashicorp/aws\"]",
      "instances": [
        {
          "schema_version": 0,
          "attributes": {
            "api_id": "3hb3wrud6c",
            "connection_id": "",
            "connection_type": "INTERNET",
            "content_handling_strategy": "",
            "credentials_arn": "",
            "description": "Lambda Integration",
            "id": "adrsfmg",
            "integration_method": "POST",
            "integration_response_selection_expression": "",
            "integration_subtype": "",
            "integration_type": "AWS_PROXY",
            "integration_uri": "arn:aws:apigateway:ca-central-1:lambda:path/2015-03-31/functions/arn:aws:lambda:ca-central-1:899673281585:function:vex5hub-api-v3/invocations",
            "passthrough_behavior": "",
            "payload_format_version": "2.0",
            "request_parameters": {},
            "request_templates": {},
            "response_parameters": [],
            "template_selection_expression": "",
            "timeout_milliseconds": 30000,
            "tls_config": []
          },
          "sensitive_attributes": [],
          "private": "bnVsbA==",
          "dependencies": [
            "aws_apigatewayv2_api.main",
            "aws_dynamodb_table.main",
            "aws_iam_role.lambda_execution",
            "aws_lambda_function.api_handler",
            "data.archive_file.api_zip"
          ]
        }
      ]
    },
    {
      "mode": "managed",
      "type": "aws_apigatewayv2_route",
      "name": "any",
      "provider": "provider[\"registry.terraform.io/hashicorp/aws\"]",
      "instances": [
        {
          "schema_version": 0,
          "attributes": {
            "api_id": "3hb3wrud6c",
            "api_key_required": false,
            "authorization_scopes": [],
            "authorization_type": "NONE",
            "authorizer_id": "",
            "id": "7xxs2b5",
            "model_selection_expression": "",
            "operation_name": "",
            "request_models": {},
            "request_parameter": [],
            "route_key": "ANY /{proxy+}",
            "route_response_selection_expression": "",
            "target": "integrations/adrsfmg"
          },
          "sensitive_attributes": [],
          "private": "bnVsbA==",
          "dependencies": [
            "aws_apigatewayv2_api.main",
            "aws_apigatewayv2_integration.lambda",
            "aws_dynamodb_table.main",
            "aws_iam_role.lambda_execution",
            "aws_lambda_function.api_handler",
            "data.archive_file.api_zip"
          ]
        }
      ]
    },
    {
      "mode": "managed",
      "type": "aws_apigatewayv2_stage",
      "name": "default",
      "provider": "provider[\"registry.terraform.io/hashicorp/aws\"]",
      "instances": [
        {
          "schema_version": 0,
          "attributes": {
            "access_log_settings": [],
            "api_id": "3hb3wrud6c",
            "arn": "arn:aws:apigateway:ca-central-1::/apis/3hb3wrud6c/stages/$default",
            "auto_deploy": true,
            "client_certificate_id": "",
            "default_route_settings": [
              {
                "data_trace_enabled": false,
                "detailed_metrics_enabled": false,
                "logging_level": "",
                "throttling_burst_limit": 0,
                "throttling_rate_limit": 0
              }
            ],
            "deployment_id": "wqr8tb",
            "description": "",
            "execution_arn": "arn:aws:execute-api:ca-central-1:899673281585:3hb3wrud6c/$default",
            "id": "$default",
            "invoke_url": "https://3hb3wrud6c.execute-api.ca-central-1.amazonaws.com/",
            "name": "$default",
            "route_settings": [],
            "stage_variables": {},
            "tags": {},
            "tags_all": {
              "Environment": "production",
              "ManagedBy": "terraform",
              "Project": "vex5hub-site"
            }
          },
          "sensitive_attributes": [],
          "private": "bnVsbA==",
          "dependencies": [
            "aws_apigatewayv2_api.main"
          ]
        }
      ]
    },
    {
      "mode": "managed",
      "type": "aws_cloudfront_cache_policy",
      "name": "optimized",
      "provider": "provider[\"registry.terraform.io/hashicorp/aws\"]",
      "instances": [
        {
          "schema_version": 0,
          "attributes": {
            "arn": "arn:aws:cloudfront::899673281585:cache-policy/56d096a1-7c3e-4cc8-b422-b63e7e2ece47",
            "comment": "Cache policy aligned with 4-hour content refresh",
            "default_ttl": 14400,
            "etag": "E23ZP02F085DFQ",
            "id": "56d096a1-7c3e-4cc8-b422-b63e7e2ece47",
            "max_ttl": 86400,
            "min_ttl": 0,
            "name": "vex5hub-cache-policy",
            "parameters_in_cache_key_and_forwarded_to_origin": [
              {
                "cookies_config": [
                  {
                    "cookie_behavior": "none",
                    "cookies": []
                  }
                ],
                "enable_accept_encoding_brotli": true,
                "enable_accept_encoding_gzip": true,
                "headers_config": [
                  {
                    "header_behavior": "none",
                    "headers": []
                  }
                ],
                "query_strings_config": [
                  {
                    "query_string_behavior": "none",
                    "query_strings": []
                  }
                ]
              }
            ]
          },
          "sensitive_attributes": [],
          "private": "bnVsbA=="
        }
      ]
    },
    {
      "mode": "managed",
      "type": "aws_cloudfront_distribution",
      "name": "main",
      "provider": "provider[\"registry.terraform.io/hashicorp/aws\"]",
      "instances": [
        {
          "schema_version": 1,
          "attributes": {
            "aliases": [
              "vex5hub.com",
              "www.vex5hub.com"
            ],
            "arn": "arn:aws:cloudfront::899673281585:distribution/E2EG8BIAMHW2FN",
            "caller_reference": "terraform-20260211192457307600000001",
            "comment": "3150N Nighthawks Website",
            "continuous_deployment_policy_id": "",
            "custom_error_response": [
              {
                "error_caching_min_ttl": 0,
                "error_code": 403,
                "response_code": 404,
                "response_page_path": "/404.html"
              },
              {
                "error_caching_min_ttl": 0,
                "error_code": 404,
                "response_code": 404,
                "response_page_path": "/404.html"
              }
            ],
            "default_cache_behavior": [
              {
                "allowed_methods": [
                  "GET",
                  "HEAD",
                  "OPTIONS"
                ],
                "cache_policy_id": "56d096a1-7c3e-4cc8-b422-b63e7e2ece47",
                "cached_methods": [
                  "GET",
                  "HEAD"
                ],
                "compress": true,
                "default_ttl": 0,
                "field_level_encryption_id": "",
                "forwarded_values": [],
                "function_association": [
                  {
                    "event_type": "viewer-request",
                    "function_arn": "arn:aws:cloudfront::899673281585:function/vex5hub-rewrite-url"
                  }
                ],
                "grpc_config": [
                  {
                    "enabled": false
                  }
                ],
                "lambda_function_association": [],
                "max_ttl": 0,
                "min_ttl": 0,
                "origin_request_policy_id": "",
                "realtime_log_config_arn": "",
                "response_headers_policy_id": "",
                "smooth_streaming": false,
                "target_origin_id": "S3-Website",
                "trusted_key_groups": [],
                "trusted_signers": [],
                "viewer_protocol_policy": "redirect-to-https"
              }
            ],
            "default_root_object": "index.html",
            "domain_name": "d1ekypl7y84pbl.cloudfront.net",
            "enabled": true,
            "etag": "E3LJ5WMKNRFKQS",
            "hosted_zone_id": "Z2FDTNDATAQYW2",
            "http_version": "http2",
            "id": "E2EG8BIAMHW2FN",
            "in_progress_validation_batches": 0,
            "is_ipv6_enabled": true,
            "last_modified_time": "2026-02-12 13:58:15.698 +0000 UTC",
            "logging_config": [],
            "ordered_cache_behavior": [
              {
                "allowed_methods": [
                  "GET",
                  "HEAD",
                  "OPTIONS"
                ],
                "cache_policy_id": "56d096a1-7c3e-4cc8-b422-b63e7e2ece47",
                "cached_methods": [
                  "GET",
                  "HEAD"
                ],
                "compress": true,
                "default_ttl": 0,
                "field_level_encryption_id": "",
                "forwarded_values": [],
                "function_association": [],
                "grpc_config": [
                  {
                    "enabled": false
                  }
                ],
                "lambda_function_association": [],
                "max_ttl": 0,
                "min_ttl": 0,
                "origin_request_policy_id": "",
                "path_pattern": "/assets/*",
                "realtime_log_config_arn": "",
                "response_headers_policy_id": "",
                "smooth_streaming": false,
                "target_origin_id": "S3-Assets",
                "trusted_key_groups": [],
                "trusted_signers": [],
                "viewer_protocol_policy": "redirect-to-https"
              },
              {
                "allowed_methods": [
                  "GET",
                  "HEAD",
                  "OPTIONS"
                ],
                "cache_policy_id": "4135ea2d-6df8-44a3-9df3-4b5a84be39ad",
                "cached_methods": [
                  "GET",
                  "HEAD"
                ],
                "compress": true,
                "default_ttl": 0,
                "field_level_encryption_id": "",
                "forwarded_values": [],
                "function_association": [],
                "grpc_config": [
                  {
                    "enabled": false
                  }
                ],
                "lambda_function_association": [],
                "max_ttl": 0,
                "min_ttl": 0,
                "origin_request_policy_id": "b689b0a8-53d0-40ab-baf2-68738e2966ac",
                "path_pattern": "/api/*",
                "realtime_log_config_arn": "",
                "response_headers_policy_id": "",
                "smooth_streaming": false,
                "target_origin_id": "API",
                "trusted_key_groups": [],
                "trusted_signers": [],
                "viewer_protocol_policy": "https-only"
              },
              {
                "allowed_methods": [
                  "GET",
                  "HEAD",
                  "OPTIONS"
                ],
                "cache_policy_id": "4135ea2d-6df8-44a3-9df3-4b5a84be39ad",
                "cached_methods": [
                  "GET",
                  "HEAD"
                ],
                "compress": true,
                "default_ttl": 0,
                "field_level_encryption_id": "",
                "forwarded_values": [],
                "function_association": [],
                "grpc_config": [
                  {
                    "enabled": false
                  }
                ],
                "lambda_function_association": [],
                "max_ttl": 0,
                "min_ttl": 0,
                "origin_request_policy_id": "b689b0a8-53d0-40ab-baf2-68738e2966ac",
                "path_pattern": "/data/config.json",
                "realtime_log_config_arn": "",
                "response_headers_policy_id": "",
                "smooth_streaming": false,
                "target_origin_id": "S3-Data",
                "trusted_key_groups": [],
                "trusted_signers": [],
                "viewer_protocol_policy": "redirect-to-https"
              },
              {
                "allowed_methods": [
                  "GET",
                  "HEAD",
                  "OPTIONS"
                ],
                "cache_policy_id": "56d096a1-7c3e-4cc8-b422-b63e7e2ece47",
                "cached_methods": [
                  "GET",
                  "HEAD"
                ],
                "compress": true,
                "default_ttl": 0,
                "field_level_encryption_id": "",
                "forwarded_values": [],
                "function_association": [],
                "grpc_config": [
                  {
                    "enabled": false
                  }
                ],
                "lambda_function_association": [],
                "max_ttl": 0,
                "min_ttl": 0,
                "origin_request_policy_id": "",
                "path_pattern": "/data/*",
                "realtime_log_config_arn": "",
                "response_headers_policy_id": "",
                "smooth_streaming": false,
                "target_origin_id": "S3-Data",
                "trusted_key_groups": [],
                "trusted_signers": [],
                "viewer_protocol_policy": "redirect-to-https"
              }
            ],
            "origin": [
              {
                "connection_attempts": 3,
                "connection_timeout": 10,
                "custom_header": [],
                "custom_origin_config": [
                  {
                    "http_port": 80,
                    "https_port": 443,
                    "origin_keepalive_timeout": 5,
                    "origin_protocol_policy": "https-only",
                    "origin_read_timeout": 30,
                    "origin_ssl_protocols": [
                      "TLSv1.2"
                    ]
                  }
                ],
                "domain_name": "3hb3wrud6c.execute-api.ca-central-1.amazonaws.com",
                "origin_access_control_id": "",
                "origin_id": "API",
                "origin_path": "",
                "origin_shield": [],
                "s3_origin_config": [],
                "vpc_origin_config": []
              },
              {
                "connection_attempts": 3,
                "connection_timeout": 10,
                "custom_header": [],
                "custom_origin_config": [],
                "domain_name": "vex5hub-assets-899673281585.s3.ca-central-1.amazonaws.com",
                "origin_access_control_id": "E1VPNNAHP7ITZ2",
                "origin_id": "S3-Assets",
                "origin_path": "",
                "origin_shield": [],
                "s3_origin_config": [],
                "vpc_origin_config": []
              },
              {
                "connection_attempts": 3,
                "connection_timeout": 10,
                "custom_header": [],
                "custom_origin_config": [],
                "domain_name": "vex5hub-data-899673281585.s3.ca-central-1.amazonaws.com",
                "origin_access_control_id": "E1VPNNAHP7ITZ2",
                "origin_id": "S3-Data",
                "origin_path": "",
                "origin_shield": [],
                "s3_origin_config": [],
                "vpc_origin_config": []
              },
              {
                "connection_attempts": 3,
                "connection_timeout": 10,
                "custom_header": [],
                "custom_origin_config": [],
                "domain_name": "vex5hub-website-899673281585.s3.ca-central-1.amazonaws.com",
                "origin_access_control_id": "E1VPNNAHP7ITZ2",
                "origin_id": "S3-Website",
                "origin_path": "",
                "origin_shield": [],
                "s3_origin_config": [],
                "vpc_origin_config": []
              }
            ],
            "origin_group": [],
            "price_class": "PriceClass_100",
            "restrictions": [
              {
                "geo_restriction": [
                  {
                    "locations": [],
                    "restriction_type": "none"
                  }
                ]
              }
            ],
            "retain_on_delete": false,
            "staging": false,
            "status": "Deployed",
            "tags": {
              "Name": "vex5hub-cdn"
            },
            "tags_all": {
              "Environment": "production",
              "ManagedBy": "terraform",
              "Name": "vex5hub-cdn",
              "Project": "vex5hub-site"
            },
            "trusted_key_groups": [
              {
                "enabled": false,
                "items": []
              }
            ],
            "trusted_signers": [
              {
                "enabled": false,
                "items": []
              }
            ],
            "viewer_certificate": [
              {
                "acm_certificate_arn": "arn:aws:acm:us-east-1:899673281585:certificate/cac9b57c-dd27-4d22-adf5-65118e7966e9",
                "cloudfront_default_certificate": false,
                "iam_certificate_id": "",
                "minimum_protocol_version": "TLSv1.2_2021",
                "ssl_support_method": "sni-only"
              }
            ],
            "wait_for_deployment": true,
            "web_acl_id": ""
          },
          "sensitive_attributes": [],
          "private": "eyJzY2hlbWFfdmVyc2lvbiI6IjEifQ==",
          "dependencies": [
            "aws_acm_certificate.main",
            "aws_apigatewayv2_api.main",
            "aws_cloudfront_cache_policy.optimized",
            "aws_cloudfront_function.rewrite_url",
            "aws_cloudfront_origin_access_control.main",
            "aws_s3_bucket.assets",
            "aws_s3_bucket.data",
            "aws_s3_bucket.website",
            "data.aws_caller_identity.current",
            "data.aws_cloudfront_cache_policy.caching_disabled",
            "data.aws_cloudfront_origin_request_policy.all_viewer_except_host_header"
          ]
        }
      ]
    },
    {
      "mode": "managed",
      "type": "aws_cloudfront_function",
      "name": "rewrite_url",
      "provider": "provider[\"registry.terraform.io/hashicorp/aws\"]",
      "instances": [
        {
          "schema_version": 0,
          "attributes": {
            "arn": "arn:aws:cloudfront::899673281585:function/vex5hub-rewrite-url",
            "code": "function handler(event) {\n    var request = event.request;\n    var uri = request.uri;\n\n    // Check if the URI is missing a file extension\n    if (!uri.includes('.')) {\n        if (uri.endsWith('/')) {\n            request.uri = uri + 'index.html';\n        } else {\n            request.uri = uri + '/index.html';\n        }\n    }\n\n    return request;\n}\n",
            "comment": "Rewrite URLs for Next.js static export",
            "etag": "ETVPDKIKX0DER",
            "id": "vex5hub-rewrite-url",
            "key_value_store_associations": [],
            "live_stage_etag": "ETVPDKIKX0DER",
            "name": "vex5hub-rewrite-url",
            "publish": true,
            "runtime": "cloudfront-js-1.0",
            "status": "DEPLOYED"
          },
          "sensitive_attributes": [],
          "private": "bnVsbA=="
        }
      ]
    },
    {
      "mode": "managed",
      "type": "aws_cloudfront_origin_access_control",
      "name": "api",
      "provider": "provider[\"registry.terraform.io/hashicorp/aws\"]",
      "instances": [
        {
          "schema_version": 0,
          "attributes": {
            "arn": "arn:aws:cloudfront::899673281585:origin-access-control/E2LVNQZQ5KQ133",
            "description": "OAC for vex5hub Lambda API",
            "etag": "ETVPDKIKX0DER",
            "id": "E2LVNQZQ5KQ133",
            "name": "vex5hub-api-oac",
            "origin_access_control_origin_type": "lambda",
            "signing_behavior": "always",
            "signing_protocol": "sigv4"
          },
          "sensitive_attributes": [],
          "private": "bnVsbA=="
        }
      ]
    },
    {
      "mode": "managed",
      "type": "aws_cloudfront_origin_access_control",
      "name": "main",
      "provider": "provider[\"registry.terraform.io/hashicorp/aws\"]",
      "instances": [
        {
          "schema_version": 0,
          "attributes": {
            "arn": "arn:aws:cloudfront::899673281585:origin-access-control/E1VPNNAHP7ITZ2",
            "description": "OAC for vex5hub S3 buckets",
            "etag": "ETVPDKIKX0DER",
            "id": "E1VPNNAHP7ITZ2",
            "name": "vex5hub-oac",
            "origin_access_control_origin_type": "s3",
            "signing_behavior": "always",
            "signing_protocol": "sigv4"
          },
          "sensitive_attributes": [],
          "private": "bnVsbA=="
        }
      ]
    },
    {
      "mode": "managed",
      "type": "aws_cloudwatch_log_group",
      "name": "lambda",
      "provider": "provider[\"registry.terraform.io/hashicorp/aws\"]",
      "instances": [
        {
          "schema_version": 0,
          "attributes": {
            "arn": "arn:aws:logs:ca-central-1:899673281585:log-group:/aws/lambda/vex5hub-api-v3",
            "id": "/aws/lambda/vex5hub-api-v3",
            "kms_key_id": "",
            "log_group_class": "STANDARD",
            "name": "/aws/lambda/vex5hub-api-v3",
            "name_prefix": "",
            "retention_in_days": 14,
            "skip_destroy": false,
            "tags": {},
            "tags_all": {
              "Environment": "production",
              "ManagedBy": "terraform",
              "Project": "vex5hub-site"
            }
          },
          "sensitive_attributes": [],
          "private": "bnVsbA=="
        }
      ]
    },
    {
      "mode": "managed",
      "type": "aws_dynamodb_table",
      "name": "main",
      "provider": "provider[\"registry.terraform.io/hashicorp/aws\"]",
      "instances": [
        {
          "schema_version": 1,
          "attributes": {
            "arn": "arn:aws:dynamodb:ca-central-1:899673281585:table/vex5hub-data",
            "attribute": [
              {
                "name": "GSI1PK",
                "type": "S"
              },
              {
                "name": "GSI1SK",
                "type": "S"
              },
              {
                "name": "PK",
                "type": "S"
              },
              {
                "name": "SK",
                "type": "S"
              }
            ],
            "billing_mode": "PAY_PER_REQUEST",
            "deletion_protection_enabled": false,
            "global_secondary_index": [
              {
                "hash_key": "GSI1PK",
                "name": "GSI1",
                "non_key_attributes": [],
                "on_demand_throughput": [],
                "projection_type": "ALL",
                "range_key": "GSI1SK",
                "read_capacity": 0,
                "write_capacity": 0
              }
            ],
            "hash_key": "PK",
            "id": "vex5hub-data",
            "import_table": [],
            "local_secondary_index": [],
            "name": "vex5hub-data",
            "on_demand_throughput": [],
            "point_in_time_recovery": [
              {
                "enabled": true,
                "recovery_period_in_days": 35
              }
            ],
            "range_key": "SK",
            "read_capacity": 0,
            "replica": [],
            "restore_date_time": null,
            "restore_source_name": null,
            "restore_source_table_arn": null,
            "restore_to_latest_time": null,
            "server_side_encryption": [],
            "stream_arn": "",
            "stream_enabled": false,
            "stream_label": "",
            "stream_view_type": "",
            "table_class": "STANDARD",
            "tags": {
              "Name": "vex5hub-data"
            },
            "tags_all": {
              "Environment": "production",
              "ManagedBy": "terraform",
              "Name": "vex5hub-data",
              "Project": "vex5hub-site"
            },
            "timeouts": null,
            "ttl": [
              {
                "attribute_name": "",
                "enabled": false
              }
            ],
            "write_capacity": 0
          },
          "sensitive_attributes": [],
          "private": "eyJlMmJmYjczMC1lY2FhLTExZTYtOGY4OC0zNDM2M2JjN2M0YzAiOnsiY3JlYXRlIjoxODAwMDAwMDAwMDAwLCJkZWxldGUiOjYwMDAwMDAwMDAwMCwidXBkYXRlIjozNjAwMDAwMDAwMDAwfSwic2NoZW1hX3ZlcnNpb24iOiIxIn0="
        }
      ]
    },
    {
      "mode": "managed",
      "type": "aws_iam_role",
      "name": "lambda_execution",
      "provider": "provider[\"registry.terraform.io/hashicorp/aws\"]",
      "instances": [
        {
          "schema_version": 0,
          "attributes": {
            "arn": "arn:aws:iam::899673281585:role/vex5hub-content-updater-role",
            "assume_role_policy": "{\"Statement\":[{\"Action\":\"sts:AssumeRole\",\"Effect\":\"Allow\",\"Principal\":{\"Service\":\"lambda.amazonaws.com\"}}],\"Version\":\"2012-10-17\"}",
            "create_date": "2026-02-11T19:24:33Z",
            "description": "",
            "force_detach_policies": false,
            "id": "vex5hub-content-updater-role",
            "inline_policy": [
              {
                "name": "vex5hub-lambda-policy",
                "policy": "{\"Version\":\"2012-10-17\",\"Statement\":[{\"Action\":[\"logs:CreateLogGroup\",\"logs:CreateLogStream\",\"logs:PutLogEvents\"],\"Effect\":\"Allow\",\"Resource\":\"arn:aws:logs:*:*:*\"},{\"Action\":[\"s3:PutObject\",\"s3:GetObject\",\"s3:ListBucket\"],\"Effect\":\"Allow\",\"Resource\":[\"arn:aws:s3:::vex5hub-data-899673281585\",\"arn:aws:s3:::vex5hub-data-899673281585/*\"]},{\"Action\":[\"dynamodb:PutItem\",\"dynamodb:GetItem\",\"dynamodb:UpdateItem\",\"dynamodb:Query\",\"dynamodb:Scan\",\"dynamodb:BatchWriteItem\"],\"Effect\":\"Allow\",\"Resource\":[\"arn:aws:dynamodb:ca-central-1:899673281585:table/vex5hub-data\",\"arn:aws:dynamodb:ca-central-1:899673281585:table/vex5hub-data/index/*\"]},{\"Action\":[\"cloudfront:CreateInvalidation\"],\"Effect\":\"Allow\",\"Resource\":\"arn:aws:cloudfront::899673281585:distribution/E2EG8BIAMHW2FN\"},{\"Action\":[\"secretsmanager:GetSecretValue\"],\"Effect\":\"Allow\",\"Resource\":\"arn:aws:secretsmanager:ca-central-1:899673281585:secret:vex5hub/*\"}]}"
              }
            ],
            "managed_policy_arns": [],
            "max_session_duration": 3600,
            "name": "vex5hub-content-updater-role",
            "name_prefix": "",
            "path": "/",
            "permissions_boundary": "",
            "tags": {},
            "tags_all": {
              "Environment": "production",
              "ManagedBy": "terraform",
              "Project": "vex5hub-site"
            },
            "unique_id": "AROA5C6FU2QYWDD2XAG2B"
          },
          "sensitive_attributes": [],
          "private": "bnVsbA=="
        }
      ]
    },
    {
      "mode": "managed",
      "type": "aws_iam_role",
      "name": "scheduler_role",
      "provider": "provider[\"registry.terraform.io/hashicorp/aws\"]",
      "instances": [
        {
          "schema_version": 0,
          "attributes": {
            "arn": "arn:aws:iam::899673281585:role/vex5hub-scheduler-role",
            "assume_role_policy": "{\"Statement\":[{\"Action\":\"sts:AssumeRole\",\"Effect\":\"Allow\",\"Principal\":{\"Service\":\"scheduler.amazonaws.com\"}}],\"Version\":\"2012-10-17\"}",
            "create_date": "2026-02-11T19:24:33Z",
            "description": "",
            "force_detach_policies": false,
            "id": "vex5hub-scheduler-role",
            "inline_policy": [
              {
                "name": "vex5hub-scheduler-policy",
                "policy": "{\"Version\":\"2012-10-17\",\"Statement\":[{\"Action\":\"lambda:InvokeFunction\",\"Effect\":\"Allow\",\"Resource\":\"arn:aws:lambda:ca-central-1:899673281585:function:vex5hub-content-updater\"}]}"
              }
            ],
            "managed_policy_arns": [],
            "max_session_duration": 3600,
            "name": "vex5hub-scheduler-role",
            "name_prefix": "",
            "path": "/",
            "permissions_boundary": "",
            "tags": {},
            "tags_all": {
              "Environment": "production",
              "ManagedBy": "terraform",
              "Project": "vex5hub-site"
            },
            "unique_id": "AROA5C6FU2QY24QXLLJTS"
          },
          "sensitive_attributes": [],
          "private": "bnVsbA=="
        }
      ]
    },
    {
      "mode": "managed",
      "type": "aws_iam_role_policy",
      "name": "lambda_policy",
      "provider": "provider[\"registry.terraform.io/hashicorp/aws\"]",
      "instances": [
        {
          "schema_version": 0,
          "attributes": {
            "id": "vex5hub-content-updater-role:vex5hub-lambda-policy",
            "name": "vex5hub-lambda-policy",
            "name_prefix": "",
            "policy": "{\"Version\":\"2012-10-17\",\"Statement\":[{\"Action\":[\"logs:CreateLogGroup\",\"logs:CreateLogStream\",\"logs:PutLogEvents\"],\"Effect\":\"Allow\",\"Resource\":\"arn:aws:logs:*:*:*\"},{\"Action\":[\"s3:PutObject\",\"s3:GetObject\",\"s3:ListBucket\"],\"Effect\":\"Allow\",\"Resource\":[\"arn:aws:s3:::vex5hub-data-899673281585\",\"arn:aws:s3:::vex5hub-data-899673281585/*\"]},{\"Action\":[\"dynamodb:PutItem\",\"dynamodb:GetItem\",\"dynamodb:UpdateItem\",\"dynamodb:Query\",\"dynamodb:Scan\",\"dynamodb:BatchWriteItem\"],\"Effect\":\"Allow\",\"Resource\":[\"arn:aws:dynamodb:ca-central-1:899673281585:table/vex5hub-data\",\"arn:aws:dynamodb:ca-central-1:899673281585:table/vex5hub-data/index/*\"]},{\"Action\":[\"cloudfront:CreateInvalidation\"],\"Effect\":\"Allow\",\"Resource\":\"arn:aws:cloudfront::899673281585:distribution/E2EG8BIAMHW2FN\"},{\"Action\":[\"secretsmanager:GetSecretValue\"],\"Effect\":\"Allow\",\"Resource\":\"arn:aws:secretsmanager:ca-central-1:899673281585:secret:vex5hub/*\"}]}",
            "role": "vex5hub-content-updater-role"
          },
          "sensitive_attributes": [],
          "private": "bnVsbA==",
          "dependencies": [
            "aws_acm_certificate.main",
            "aws_apigatewayv2_api.main",
            "aws_cloudfront_cache_policy.optimized",
            "aws_cloudfront_distribution.main",
            "aws_cloudfront_function.rewrite_url",
            "aws_cloudfront_origin_access_control.main",
            "aws_dynamodb_table.main",
            "aws_iam_role.lambda_execution",
            "aws_s3_bucket.assets",
            "aws_s3_bucket.data",
            "aws_s3_bucket.website",
            "data.aws_caller_identity.current",
            "data.aws_cloudfront_cache_policy.caching_disabled",
            "data.aws_cloudfront_origin_request_policy.all_viewer_except_host_header"
          ]
        }
      ]
    },
    {
      "mode": "managed",
      "type": "aws_iam_role_policy",
      "name": "scheduler_policy",
      "provider": "provider[\"registry.terraform.io/hashicorp/aws\"]",
      "instances": [
        {
          "schema_version": 0,
          "attributes": {
            "id": "vex5hub-scheduler-role:vex5hub-scheduler-policy",
            "name": "vex5hub-scheduler-policy",
            "name_prefix": "",
            "policy": "{\"Version\":\"2012-10-17\",\"Statement\":[{\"Action\":\"lambda:InvokeFunction\",\"Effect\":\"Allow\",\"Resource\":\"arn:aws:lambda:ca-central-1:899673281585:function:vex5hub-content-updater\"}]}",
            "role": "vex5hub-scheduler-role"
          },
          "sensitive_attributes": [],
          "private": "bnVsbA==",
          "dependencies": [
            "aws_acm_certificate.main",
            "aws_apigatewayv2_api.main",
            "aws_cloudfront_cache_policy.optimized",
            "aws_cloudfront_distribution.main",
            "aws_cloudfront_function.rewrite_url",
            "aws_cloudfront_origin_access_control.main",
            "aws_dynamodb_table.main",
            "aws_iam_role.lambda_execution",
            "aws_iam_role.scheduler_role",
            "aws_lambda_function.content_updater",
            "aws_s3_bucket.assets",
            "aws_s3_bucket.data",
            "aws_s3_bucket.website",
            "data.archive_file.lambda_zip",
            "data.aws_caller_identity.current",
            "data.aws_cloudfront_cache_policy.caching_disabled",
            "data.aws_cloudfront_origin_request_policy.all_viewer_except_host_header"
          ]
        }
      ]
    },
    {
      "mode": "managed",
      "type": "aws_lambda_function",
      "name": "api_handler",
      "provider": "provider[\"registry.terraform.io/hashicorp/aws\"]",
      "instances": [
        {
          "schema_version": 0,
          "attributes": {
            "architectures": [
              "x86_64"
            ],
            "arn": "arn:aws:lambda:ca-central-1:899673281585:function:vex5hub-api-v3",
            "code_sha256": "pJQIWcBtku3wnanjPP2Erwlq5d0NBBt+EcZ47xUNALs=",
            "code_signing_config_arn": "",
            "dead_letter_config": [],
            "description": "",
            "environment": [
              {
                "variables": {
                  "PROJECT_NAME": "vex5hub",
                  "SEASON_ID": "197",
                  "TABLE_NAME": "vex5hub-data"
                }
              }
            ],
            "ephemeral_storage": [
              {
                "size": 512
              }
            ],
            "file_system_config": [],
            "filename": "./.build/api-handler.zip",
            "function_name": "vex5hub-api-v3",
            "handler": "index.handler",
            "id": "vex5hub-api-v3",
            "image_config": [],
            "image_uri": "",
            "invoke_arn": "arn:aws:apigateway:ca-central-1:lambda:path/2015-03-31/functions/arn:aws:lambda:ca-central-1:899673281585:function:vex5hub-api-v3/invocations",
            "kms_key_arn": "",
            "last_modified": "2026-02-25T16:57:38.000+0000",
            "layers": [],
            "logging_config": [
              {
                "application_log_level": "",
                "log_format": "Text",
                "log_group": "/aws/lambda/vex5hub-api-v3",
                "system_log_level": ""
              }
            ],
            "memory_size": 512,
            "package_type": "Zip",
            "publish": false,
            "qualified_arn": "arn:aws:lambda:ca-central-1:899673281585:function:vex5hub-api-v3:$LATEST",
            "qualified_invoke_arn": "arn:aws:apigateway:ca-central-1:lambda:path/2015-03-31/functions/arn:aws:lambda:ca-central-1:899673281585:function:vex5hub-api-v3:$LATEST/invocations",
            "replace_security_groups_on_destroy": null,
            "replacement_security_group_ids": null,
            "reserved_concurrent_executions": -1,
            "role": "arn:aws:iam::899673281585:role/vex5hub-content-updater-role",
            "runtime": "python3.12",
            "s3_bucket": null,
            "s3_key": null,
            "s3_object_version": null,
            "signing_job_arn": "",
            "signing_profile_version_arn": "",
            "skip_destroy": false,
            "snap_start": [],
            "source_code_hash": "pJQIWcBtku3wnanjPP2Erwlq5d0NBBt+EcZ47xUNALs=",
            "source_code_size": 1448,
            "tags": {
              "Name": "vex5hub-api-handler"
            },
            "tags_all": {
              "Environment": "production",
              "ManagedBy": "terraform",
              "Name": "vex5hub-api-handler",
              "Project": "vex5hub-site"
            },
            "timeout": 30,
            "timeouts": null,
            "tracing_config": [
              {
                "mode": "PassThrough"
              }
            ],
            "version": "$LATEST",
            "vpc_config": []
          },
          "sensitive_attributes": [],
          "private": "eyJlMmJmYjczMC1lY2FhLTExZTYtOGY4OC0zNDM2M2JjN2M0YzAiOnsiY3JlYXRlIjo2MDAwMDAwMDAwMDAsImRlbGV0ZSI6NjAwMDAwMDAwMDAwLCJ1cGRhdGUiOjYwMDAwMDAwMDAwMH19",
          "dependencies": [
            "aws_dynamodb_table.main",
            "aws_iam_role.lambda_execution",
            "data.archive_file.api_zip"
          ]
        }
      ]
    },
    {
      "mode": "managed",
      "type": "aws_lambda_function",
      "name": "content_updater",
      "provider": "provider[\"registry.terraform.io/hashicorp/aws\"]",
      "instances": [
        {
          "schema_version": 0,
          "attributes": {
            "architectures": [
              "x86_64"
            ],
            "arn": "arn:aws:lambda:ca-central-1:899673281585:function:vex5hub-content-updater",
            "code_sha256": "V6kg9QovIwmZ6TnU1x3oEIZTmAMQzG7oUL/qSCWmlQw=",
            "code_signing_config_arn": "",
            "dead_letter_config": [],
            "description": "",
            "environment": [
              {
                "variables": {
                  "CLOUDFRONT_DIST_ID": "E2EG8BIAMHW2FN",
                  "DATA_BUCKET_NAME": "vex5hub-data-899673281585",
                  "PROJECT_NAME": "vex5hub",
                  "SEASON_ID": "197",
                  "TABLE_NAME": "vex5hub-data"
                }
              }
            ],
            "ephemeral_storage": [
              {
                "size": 512
              }
            ],
            "file_system_config": [],
            "filename": "./.build/content-updater.zip",
            "function_name": "vex5hub-content-updater",
            "handler": "index.handler",
            "id": "vex5hub-content-updater",
            "image_config": [],
            "image_uri": "",
            "invoke_arn": "arn:aws:apigateway:ca-central-1:lambda:path/2015-03-31/functions/arn:aws:lambda:ca-central-1:899673281585:function:vex5hub-content-updater/invocations",
            "kms_key_arn": "",
            "last_modified": "2026-02-25T16:57:45.000+0000",
            "layers": [],
            "logging_config": [
              {
                "application_log_level": "",
                "log_format": "Text",
                "log_group": "/aws/lambda/vex5hub-content-updater",
                "system_log_level": ""
              }
            ],
            "memory_size": 512,
            "package_type": "Zip",
            "publish": false,
            "qualified_arn": "arn:aws:lambda:ca-central-1:899673281585:function:vex5hub-content-updater:$LATEST",
            "qualified_invoke_arn": "arn:aws:apigateway:ca-central-1:lambda:path/2015-03-31/functions/arn:aws:lambda:ca-central-1:899673281585:function:vex5hub-content-updater:$LATEST/invocations",
            "replace_security_groups_on_destroy": null,
            "replacement_security_group_ids": null,
            "reserved_concurrent_executions": -1,
            "role": "arn:aws:iam::899673281585:role/vex5hub-content-updater-role",
            "runtime": "python3.12",
            "s3_bucket": null,
            "s3_key": null,
            "s3_object_version": null,
            "signing_job_arn": "",
            "signing_profile_version_arn": "",
            "skip_destroy": false,
            "snap_start": [],
            "source_code_hash": "V6kg9QovIwmZ6TnU1x3oEIZTmAMQzG7oUL/qSCWmlQw=",
            "source_code_size": 3156,
            "tags": {
              "Name": "vex5hub-content-updater"
            },
            "tags_all": {
              "Environment": "production",
              "ManagedBy": "terraform",
              "Name": "vex5hub-content-updater",
              "Project": "vex5hub-site"
            },
            "timeout": 300,
            "timeouts": null,
            "tracing_config": [
              {
                "mode": "PassThrough"
              }
            ],
            "version": "$LATEST",
            "vpc_config": []
          },
          "sensitive_attributes": [],
          "private": "eyJlMmJmYjczMC1lY2FhLTExZTYtOGY4OC0zNDM2M2JjN2M0YzAiOnsiY3JlYXRlIjo2MDAwMDAwMDAwMDAsImRlbGV0ZSI6NjAwMDAwMDAwMDAwLCJ1cGRhdGUiOjYwMDAwMDAwMDAwMH19",
          "dependencies": [
            "aws_cloudfront_distribution.main",
            "aws_dynamodb_table.main",
            "aws_iam_role.lambda_execution",
            "aws_s3_bucket.data",
            "data.archive_file.lambda_zip"
          ]
        }
      ]
    },
    {
      "mode": "managed",
      "type": "aws_lambda_function_url",
      "name": "api",
      "provider": "provider[\"registry.terraform.io/hashicorp/aws\"]",
      "instances": [
        {
          "schema_version": 0,
          "attributes": {
            "authorization_type": "AWS_IAM",
            "cors": [
              {
                "allow_credentials": true,
                "allow_headers": [
                  "date",
                  "keep-alive"
                ],
                "allow_methods": [
                  "*"
                ],
                "allow_origins": [
                  "*"
                ],
                "expose_headers": [
                  "date",
                  "keep-alive"
                ],
                "max_age": 86400
              }
            ],
            "function_arn": "arn:aws:lambda:ca-central-1:899673281585:function:vex5hub-api-v3",
            "function_name": "vex5hub-api-v3",
            "function_url": "https://o6s75krp6i4t4oar2wqcssxz4m0wzvaa.lambda-url.ca-central-1.on.aws/",
            "id": "vex5hub-api-v3",
            "invoke_mode": "BUFFERED",
            "qualifier": "",
            "timeouts": null,
            "url_id": "o6s75krp6i4t4oar2wqcssxz4m0wzvaa"
          },
          "sensitive_attributes": [],
          "private": "eyJlMmJmYjczMC1lY2FhLTExZTYtOGY4OC0zNDM2M2JjN2M0YzAiOnsiY3JlYXRlIjo2MDAwMDAwMDAwMDB9fQ==",
          "dependencies": [
            "aws_dynamodb_table.main",
            "aws_iam_role.lambda_execution",
            "aws_lambda_function.api_handler",
            "data.archive_file.api_zip"
          ]
        }
      ]
    },
    {
      "mode": "managed",
      "type": "aws_lambda_permission",
      "name": "api_url_public",
      "provider": "provider[\"registry.terraform.io/hashicorp/aws\"]",
      "instances": [
        {
          "schema_version": 0,
          "attributes": {
            "action": "lambda:InvokeFunctionUrl",
            "event_source_token": null,
            "function_name": "vex5hub-api-v3",
            "function_url_auth_type": null,
            "id": "AllowCloudFrontInvoke",
            "principal": "cloudfront.amazonaws.com",
            "principal_org_id": null,
            "qualifier": "",
            "source_account": null,
            "source_arn": null,
            "statement_id": "AllowCloudFrontInvoke",
            "statement_id_prefix": ""
          },
          "sensitive_attributes": [],
          "private": "bnVsbA==",
          "dependencies": [
            "aws_dynamodb_table.main",
            "aws_iam_role.lambda_execution",
            "aws_lambda_function.api_handler",
            "data.archive_file.api_zip"
          ]
        }
      ]
    },
    {
      "mode": "managed",
      "type": "aws_lambda_permission",
      "name": "apigw",
      "provider": "provider[\"registry.terraform.io/hashicorp/aws\"]",
      "instances": [
        {
          "schema_version": 0,
          "attributes": {
            "action": "lambda:InvokeFunction",
            "event_source_token": null,
            "function_name": "vex5hub-api-v3",
            "function_url_auth_type": null,
            "id": "AllowAPIGatewayInvoke",
            "principal": "apigateway.amazonaws.com",
            "principal_org_id": null,
            "qualifier": "",
            "source_account": null,
            "source_arn": "arn:aws:execute-api:ca-central-1:899673281585:3hb3wrud6c/*/*",
            "statement_id": "AllowAPIGatewayInvoke",
            "statement_id_prefix": ""
          },
          "sensitive_attributes": [],
          "private": "bnVsbA==",
          "dependencies": [
            "aws_apigatewayv2_api.main",
            "aws_dynamodb_table.main",
            "aws_iam_role.lambda_execution",
            "aws_lambda_function.api_handler",
            "data.archive_file.api_zip"
          ]
        }
      ]
    },
    {
      "mode": "managed",
      "type": "aws_lambda_permission",
      "name": "eventbridge",
      "provider": "provider[\"registry.terraform.io/hashicorp/aws\"]",
      "instances": [
        {
          "schema_version": 0,
          "attributes": {
            "action": "lambda:InvokeFunction",
            "event_source_token": null,
            "function_name": "vex5hub-content-updater",
            "function_url_auth_type": null,
            "id": "AllowEventBridgeInvoke",
            "principal": "scheduler.amazonaws.com",
            "principal_org_id": null,
            "qualifier": "",
            "source_account": null,
            "source_arn": "arn:aws:scheduler:ca-central-1:899673281585:schedule/default/vex5hub-content-update",
            "statement_id": "AllowEventBridgeInvoke",
            "statement_id_prefix": ""
          },
          "sensitive_attributes": [],
          "private": "bnVsbA==",
          "dependencies": [
            "aws_acm_certificate.main",
            "aws_apigatewayv2_api.main",
            "aws_cloudfront_cache_policy.optimized",
            "aws_cloudfront_distribution.main",
            "aws_cloudfront_function.rewrite_url",
            "aws_cloudfront_origin_access_control.main",
            "aws_dynamodb_table.main",
            "aws_iam_role.lambda_execution",
            "aws_iam_role.scheduler_role",
            "aws_lambda_function.content_updater",
            "aws_s3_bucket.assets",
            "aws_s3_bucket.data",
            "aws_s3_bucket.website",
            "aws_scheduler_schedule.content_update",
            "data.archive_file.lambda_zip",
            "data.aws_caller_identity.current",
            "data.aws_cloudfront_cache_policy.caching_disabled",
            "data.aws_cloudfront_origin_request_policy.all_viewer_except_host_header"
          ]
        }
      ]
    },
    {
      "mode": "managed",
      "type": "aws_route53_record",
      "name": "cert_validation",
      "provider": "provider[\"registry.terraform.io/hashicorp/aws\"]",
      "instances": [
        {
          "index_key": "vex5hub.com",
          "schema_version": 2,
          "attributes": {
            "alias": [],
            "allow_overwrite": true,
            "cidr_routing_policy": [],
            "failover_routing_policy": [],
            "fqdn": "_4f5881a2fe68fe171bec6ab793d0a6e6.vex5hub.com",
            "geolocation_routing_policy": [],
            "geoproximity_routing_policy": [],
            "health_check_id": "",
            "id": "Z06728392P9313EMD6CLG__4f5881a2fe68fe171bec6ab793d0a6e6.vex5hub.com._CNAME",
            "latency_routing_policy": [],
            "multivalue_answer_routing_policy": false,
            "name": "_4f5881a2fe68fe171bec6ab793d0a6e6.vex5hub.com",
            "records": [
              "_983f10e0620ccaca400a3eb5d9056035.jkddzztszm.acm-validations.aws."
            ],
            "set_identifier": "",
            "timeouts": null,
            "ttl": 60,
            "type": "CNAME",
            "weighted_routing_policy": [],
            "zone_id": "Z06728392P9313EMD6CLG"
          },
          "sensitive_attributes": [],
          "private": "eyJlMmJmYjczMC1lY2FhLTExZTYtOGY4OC0zNDM2M2JjN2M0YzAiOnsiY3JlYXRlIjoxODAwMDAwMDAwMDAwLCJkZWxldGUiOjE4MDAwMDAwMDAwMDAsInVwZGF0ZSI6MTgwMDAwMDAwMDAwMH0sInNjaGVtYV92ZXJzaW9uIjoiMiJ9",
          "dependencies": [
            "aws_acm_certificate.main",
            "aws_route53_zone.main"
          ]
        },
        {
          "index_key": "www.vex5hub.com",
          "schema_version": 2,
          "attributes": {
            "alias": [],
            "allow_overwrite": true,
            "cidr_routing_policy": [],
            "failover_routing_policy": [],
            "fqdn": "_d5108c08abede3c56136123ab09af8bf.www.vex5hub.com",
            "geolocation_routing_policy": [],
            "geoproximity_routing_policy": [],
            "health_check_id": "",
            "id": "Z06728392P9313EMD6CLG__d5108c08abede3c56136123ab09af8bf.www.vex5hub.com._CNAME",
            "latency_routing_policy": [],
            "multivalue_answer_routing_policy": false,
            "name": "_d5108c08abede3c56136123ab09af8bf.www.vex5hub.com",
            "records": [
              "_59f892f8184e33dfc48dc196dfdcf2c0.jkddzztszm.acm-validations.aws."
            ],
            "set_identifier": "",
            "timeouts": null,
            "ttl": 60,
            "type": "CNAME",
            "weighted_routing_policy": [],
            "zone_id": "Z06728392P9313EMD6CLG"
          },
          "sensitive_attributes": [],
          "private": "eyJlMmJmYjczMC1lY2FhLTExZTYtOGY4OC0zNDM2M2JjN2M0YzAiOnsiY3JlYXRlIjoxODAwMDAwMDAwMDAwLCJkZWxldGUiOjE4MDAwMDAwMDAwMDAsInVwZGF0ZSI6MTgwMDAwMDAwMDAwMH0sInNjaGVtYV92ZXJzaW9uIjoiMiJ9",
          "dependencies": [
            "aws_acm_certificate.main",
            "aws_route53_zone.main"
          ]
        }
      ]
    },
    {
      "mode": "managed",
      "type": "aws_route53_record",
      "name": "root",
      "provider": "provider[\"registry.terraform.io/hashicorp/aws\"]",
      "instances": [
        {
          "index_key": 0,
          "schema_version": 2,
          "attributes": {
            "alias": [
              {
                "evaluate_target_health": false,
                "name": "d1ekypl7y84pbl.cloudfront.net",
                "zone_id": "Z2FDTNDATAQYW2"
              }
            ],
            "allow_overwrite": null,
            "cidr_routing_policy": [],
            "failover_routing_policy": [],
            "fqdn": "vex5hub.com",
            "geolocation_routing_policy": [],
            "geoproximity_routing_policy": [],
            "health_check_id": "",
            "id": "Z06728392P9313EMD6CLG_vex5hub.com_A",
            "latency_routing_policy": [],
            "multivalue_answer_routing_policy": false,
            "name": "vex5hub.com",
            "records": [],
            "set_identifier": "",
            "timeouts": null,
            "ttl": 0,
            "type": "A",
            "weighted_routing_policy": [],
            "zone_id": "Z06728392P9313EMD6CLG"
          },
          "sensitive_attributes": [],
          "private": "eyJlMmJmYjczMC1lY2FhLTExZTYtOGY4OC0zNDM2M2JjN2M0YzAiOnsiY3JlYXRlIjoxODAwMDAwMDAwMDAwLCJkZWxldGUiOjE4MDAwMDAwMDAwMDAsInVwZGF0ZSI6MTgwMDAwMDAwMDAwMH0sInNjaGVtYV92ZXJzaW9uIjoiMiJ9",
          "dependencies": [
            "aws_acm_certificate.main",
            "aws_apigatewayv2_api.main",
            "aws_cloudfront_cache_policy.optimized",
            "aws_cloudfront_distribution.main",
            "aws_cloudfront_function.rewrite_url",
            "aws_cloudfront_origin_access_control.main",
            "aws_route53_zone.main",
            "aws_s3_bucket.assets",
            "aws_s3_bucket.data",
            "aws_s3_bucket.website",
            "data.aws_caller_identity.current",
            "data.aws_cloudfront_cache_policy.caching_disabled",
            "data.aws_cloudfront_origin_request_policy.all_viewer_except_host_header"
          ]
        }
      ]
    },
    {
      "mode": "managed",
      "type": "aws_route53_record",
      "name": "www",
      "provider": "provider[\"registry.terraform.io/hashicorp/aws\"]",
      "instances": [
        {
          "index_key": 0,
          "schema_version": 2,
          "attributes": {
            "alias": [
              {
                "evaluate_target_health": false,
                "name": "d1ekypl7y84pbl.cloudfront.net",
                "zone_id": "Z2FDTNDATAQYW2"
              }
            ],
            "allow_overwrite": null,
            "cidr_routing_policy": [],
            "failover_routing_policy": [],
            "fqdn": "www.vex5hub.com",
            "geolocation_routing_policy": [],
            "geoproximity_routing_policy": [],
            "health_check_id": "",
            "id": "Z06728392P9313EMD6CLG_www.vex5hub.com_A",
            "latency_routing_policy": [],
            "multivalue_answer_routing_policy": false,
            "name": "www.vex5hub.com",
            "records": [],
            "set_identifier": "",
            "timeouts": null,
            "ttl": 0,
            "type": "A",
            "weighted_routing_policy": [],
            "zone_id": "Z06728392P9313EMD6CLG"
          },
          "sensitive_attributes": [],
          "private": "eyJlMmJmYjczMC1lY2FhLTExZTYtOGY4OC0zNDM2M2JjN2M0YzAiOnsiY3JlYXRlIjoxODAwMDAwMDAwMDAwLCJkZWxldGUiOjE4MDAwMDAwMDAwMDAsInVwZGF0ZSI6MTgwMDAwMDAwMDAwMH0sInNjaGVtYV92ZXJzaW9uIjoiMiJ9",
          "dependencies": [
            "aws_acm_certificate.main",
            "aws_apigatewayv2_api.main",
            "aws_cloudfront_cache_policy.optimized",
            "aws_cloudfront_distribution.main",
            "aws_cloudfront_function.rewrite_url",
            "aws_cloudfront_origin_access_control.main",
            "aws_route53_zone.main",
            "aws_s3_bucket.assets",
            "aws_s3_bucket.data",
            "aws_s3_bucket.website",
            "data.aws_caller_identity.current",
            "data.aws_cloudfront_cache_policy.caching_disabled",
            "data.aws_cloudfront_origin_request_policy.all_viewer_except_host_header"
          ]
        }
      ]
    },
    {
      "mode": "managed",
      "type": "aws_route53_zone",
      "name": "main",
      "provider": "provider[\"registry.terraform.io/hashicorp/aws\"]",
      "instances": [
        {
          "index_key": 0,
          "schema_version": 0,
          "attributes": {
            "arn": "arn:aws:route53:::hostedzone/Z06728392P9313EMD6CLG",
            "comment": "Hosted zone for vex5hub",
            "delegation_set_id": "",
            "force_destroy": false,
            "id": "Z06728392P9313EMD6CLG",
            "name": "vex5hub.com",
            "name_servers": [
              "ns-10.awsdns-01.com",
              "ns-1158.awsdns-16.org",
              "ns-1938.awsdns-50.co.uk",
              "ns-815.awsdns-37.net"
            ],
            "primary_name_server": "ns-10.awsdns-01.com",
            "tags": {
              "Name": "vex5hub-zone"
            },
            "tags_all": {
              "Environment": "production",
              "ManagedBy": "terraform",
              "Name": "vex5hub-zone",
              "Project": "vex5hub-site"
            },
            "timeouts": null,
            "vpc": [],
            "zone_id": "Z06728392P9313EMD6CLG"
          },
          "sensitive_attributes": [],
          "private": "eyJlMmJmYjczMC1lY2FhLTExZTYtOGY4OC0zNDM2M2JjN2M0YzAiOnsiY3JlYXRlIjoxODAwMDAwMDAwMDAwLCJkZWxldGUiOjE4MDAwMDAwMDAwMDAsInVwZGF0ZSI6MTgwMDAwMDAwMDAwMH19"
        }
      ]
    },
    {
      "mode": "managed",
      "type": "aws_s3_bucket",
      "name": "assets",
      "provider": "provider[\"registry.terraform.io/hashicorp/aws\"]",
      "instances": [
        {
          "schema_version": 0,
          "attributes": {
            "acceleration_status": "",
            "acl": null,
            "arn": "arn:aws:s3:::vex5hub-assets-899673281585",
            "bucket": "vex5hub-assets-899673281585",
            "bucket_domain_name": "vex5hub-assets-899673281585.s3.amazonaws.com",
            "bucket_prefix": "",
            "bucket_regional_domain_name": "vex5hub-assets-899673281585.s3.ca-central-1.amazonaws.com",
            "cors_rule": [
              {
                "allowed_headers": [
                  "*"
                ],
                "allowed_methods": [
                  "GET",
                  "HEAD"
                ],
                "allowed_origins": [
                  "*"
                ],
                "expose_headers": [
                  "ETag"
                ],
                "max_age_seconds": 3600
              }
            ],
            "force_destroy": null,
            "grant": [
              {
                "id": "5ce08cd410977bcfbe79ad98d3b651a55859c6e5d51c40edbed0c1bfa534da52",
                "permissions": [
                  "FULL_CONTROL"
                ],
                "type": "CanonicalUser",
                "uri": ""
              }
            ],
            "hosted_zone_id": "Z1QDHH18159H29",
            "id": "vex5hub-assets-899673281585",
            "lifecycle_rule": [],
            "logging": [],
            "object_lock_configuration": [],
            "object_lock_enabled": false,
            "policy": "{\"Statement\":[{\"Action\":\"s3:GetObject\",\"Condition\":{\"StringEquals\":{\"AWS:SourceArn\":\"arn:aws:cloudfront::899673281585:distribution/E2EG8BIAMHW2FN\"}},\"Effect\":\"Allow\",\"Principal\":{\"Service\":\"cloudfront.amazonaws.com\"},\"Resource\":\"arn:aws:s3:::vex5hub-assets-899673281585/*\",\"Sid\":\"AllowCloudFrontServicePrincipal\"}],\"Version\":\"2012-10-17\"}",
            "region": "ca-central-1",
            "replication_configuration": [],
            "request_payer": "BucketOwner",
            "server_side_encryption_configuration": [
              {
                "rule": [
                  {
                    "apply_server_side_encryption_by_default": [
                      {
                        "kms_master_key_id": "",
                        "sse_algorithm": "AES256"
                      }
                    ],
                    "bucket_key_enabled": false
                  }
                ]
              }
            ],
            "tags": {},
            "tags_all": {
              "Environment": "production",
              "ManagedBy": "terraform",
              "Project": "vex5hub-site"
            },
            "timeouts": null,
            "versioning": [
              {
                "enabled": true,
                "mfa_delete": false
              }
            ],
            "website": [],
            "website_domain": null,
            "website_endpoint": null
          },
          "sensitive_attributes": [],
          "private": "eyJlMmJmYjczMC1lY2FhLTExZTYtOGY4OC0zNDM2M2JjN2M0YzAiOnsiY3JlYXRlIjoxMjAwMDAwMDAwMDAwLCJkZWxldGUiOjM2MDAwMDAwMDAwMDAsInJlYWQiOjEyMDAwMDAwMDAwMDAsInVwZGF0ZSI6MTIwMDAwMDAwMDAwMH0sInNjaGVtYV92ZXJzaW9uIjoiMCJ9",
          "dependencies": [
            "data.aws_caller_identity.current"
          ]
        }
      ]
    },
    {
      "mode": "managed",
      "type": "aws_s3_bucket",
      "name": "data",
      "provider": "provider[\"registry.terraform.io/hashicorp/aws\"]",
      "instances": [
        {
          "schema_version": 0,
          "attributes": {
            "acceleration_status": "",
            "acl": null,
            "arn": "arn:aws:s3:::vex5hub-data-899673281585",
            "bucket": "vex5hub-data-899673281585",
            "bucket_domain_name": "vex5hub-data-899673281585.s3.amazonaws.com",
            "bucket_prefix": "",
            "bucket_regional_domain_name": "vex5hub-data-899673281585.s3.ca-central-1.amazonaws.com",
            "cors_rule": [],
            "force_destroy": null,
            "grant": [
              {
                "id": "5ce08cd410977bcfbe79ad98d3b651a55859c6e5d51c40edbed0c1bfa534da52",
                "permissions": [
                  "FULL_CONTROL"
                ],
                "type": "CanonicalUser",
                "uri": ""
              }
            ],
            "hosted_zone_id": "Z1QDHH18159H29",
            "id": "vex5hub-data-899673281585",
            "lifecycle_rule": [],
            "logging": [],
            "object_lock_configuration": [],
            "object_lock_enabled": false,
            "policy": "{\"Statement\":[{\"Action\":\"s3:GetObject\",\"Condition\":{\"StringEquals\":{\"AWS:SourceArn\":\"arn:aws:cloudfront::899673281585:distribution/E2EG8BIAMHW2FN\"}},\"Effect\":\"Allow\",\"Principal\":{\"Service\":\"cloudfront.amazonaws.com\"},\"Resource\":\"arn:aws:s3:::vex5hub-data-899673281585/*\",\"Sid\":\"AllowCloudFrontServicePrincipal\"}],\"Version\":\"2012-10-17\"}",
            "region": "ca-central-1",
            "replication_configuration": [],
            "request_payer": "BucketOwner",
            "server_side_encryption_configuration": [
              {
                "rule": [
                  {
                    "apply_server_side_encryption_by_default": [
                      {
                        "kms_master_key_id": "",
                        "sse_algorithm": "AES256"
                      }
                    ],
                    "bucket_key_enabled": false
                  }
                ]
              }
            ],
            "tags": {},
            "tags_all": {
              "Environment": "production",
              "ManagedBy": "terraform",
              "Project": "vex5hub-site"
            },
            "timeouts": null,
            "versioning": [
              {
                "enabled": true,
                "mfa_delete": false
              }
            ],
            "website": [],
            "website_domain": null,
            "website_endpoint": null
          },
          "sensitive_attributes": [],
          "private": "eyJlMmJmYjczMC1lY2FhLTExZTYtOGY4OC0zNDM2M2JjN2M0YzAiOnsiY3JlYXRlIjoxMjAwMDAwMDAwMDAwLCJkZWxldGUiOjM2MDAwMDAwMDAwMDAsInJlYWQiOjEyMDAwMDAwMDAwMDAsInVwZGF0ZSI6MTIwMDAwMDAwMDAwMH0sInNjaGVtYV92ZXJzaW9uIjoiMCJ9",
          "dependencies": [
            "data.aws_caller_identity.current"
          ]
        }
      ]
    },
    {
      "mode": "managed",
      "type": "aws_s3_bucket",
      "name": "website",
      "provider": "provider[\"registry.terraform.io/hashicorp/aws\"]",
      "instances": [
        {
          "schema_version": 0,
          "attributes": {
            "acceleration_status": "",
            "acl": null,
            "arn": "arn:aws:s3:::vex5hub-website-899673281585",
            "bucket": "vex5hub-website-899673281585",
            "bucket_domain_name": "vex5hub-website-899673281585.s3.amazonaws.com",
            "bucket_prefix": "",
            "bucket_regional_domain_name": "vex5hub-website-899673281585.s3.ca-central-1.amazonaws.com",
            "cors_rule": [],
            "force_destroy": false,
            "grant": [
              {
                "id": "5ce08cd410977bcfbe79ad98d3b651a55859c6e5d51c40edbed0c1bfa534da52",
                "permissions": [
                  "FULL_CONTROL"
                ],
                "type": "CanonicalUser",
                "uri": ""
              }
            ],
            "hosted_zone_id": "Z1QDHH18159H29",
            "id": "vex5hub-website-899673281585",
            "lifecycle_rule": [],
            "logging": [],
            "object_lock_configuration": [],
            "object_lock_enabled": false,
            "policy": "{\"Statement\":[{\"Action\":\"s3:GetObject\",\"Condition\":{\"StringEquals\":{\"AWS:SourceArn\":\"arn:aws:cloudfront::899673281585:distribution/E2EG8BIAMHW2FN\"}},\"Effect\":\"Allow\",\"Principal\":{\"Service\":\"cloudfront.amazonaws.com\"},\"Resource\":\"arn:aws:s3:::vex5hub-website-899673281585/*\",\"Sid\":\"AllowCloudFrontServicePrincipal\"}],\"Version\":\"2012-10-17\"}",
            "region": "ca-central-1",
            "replication_configuration": [],
            "request_payer": "BucketOwner",
            "server_side_encryption_configuration": [
              {
                "rule": [
                  {
                    "apply_server_side_encryption_by_default": [
                      {
                        "kms_master_key_id": "",
                        "sse_algorithm": "AES256"
                      }
                    ],
                    "bucket_key_enabled": false
                  }
                ]
              }
            ],
            "tags": {},
            "tags_all": {
              "Environment": "production",
              "ManagedBy": "terraform",
              "Project": "vex5hub-site"
            },
            "timeouts": null,
            "versioning": [
              {
                "enabled": true,
                "mfa_delete": false
              }
            ],
            "website": [],
            "website_domain": null,
            "website_endpoint": null
          },
          "sensitive_attributes": [],
          "private": "eyJlMmJmYjczMC1lY2FhLTExZTYtOGY4OC0zNDM2M2JjN2M0YzAiOnsiY3JlYXRlIjoxMjAwMDAwMDAwMDAwLCJkZWxldGUiOjM2MDAwMDAwMDAwMDAsInJlYWQiOjEyMDAwMDAwMDAwMDAsInVwZGF0ZSI6MTIwMDAwMDAwMDAwMH19",
          "dependencies": [
            "data.aws_caller_identity.current"
          ]
        }
      ]
    },
    {
      "mode": "managed",
      "type": "aws_s3_bucket_cors_configuration",
      "name": "assets",
      "provider": "provider[\"registry.terraform.io/hashicorp/aws\"]",
      "instances": [
        {
          "schema_version": 0,
          "attributes": {
            "bucket": "vex5hub-assets-899673281585",
            "cors_rule": [
              {
                "allowed_headers": [
                  "*"
                ],
                "allowed_methods": [
                  "GET",
                  "HEAD"
                ],
                "allowed_origins": [
                  "*"
                ],
                "expose_headers": [
                  "ETag"
                ],
                "id": "",
                "max_age_seconds": 3600
              }
            ],
            "expected_bucket_owner": "",
            "id": "vex5hub-assets-899673281585"
          },
          "sensitive_attributes": [],
          "private": "bnVsbA==",
          "dependencies": [
            "aws_s3_bucket.assets",
            "data.aws_caller_identity.current"
          ]
        }
      ]
    },
    {
      "mode": "managed",
      "type": "aws_s3_bucket_policy",
      "name": "assets",
      "provider": "provider[\"registry.terraform.io/hashicorp/aws\"]",
      "instances": [
        {
          "schema_version": 0,
          "attributes": {
            "bucket": "vex5hub-assets-899673281585",
            "id": "vex5hub-assets-899673281585",
            "policy": "{\"Statement\":[{\"Action\":\"s3:GetObject\",\"Condition\":{\"StringEquals\":{\"AWS:SourceArn\":\"arn:aws:cloudfront::899673281585:distribution/E2EG8BIAMHW2FN\"}},\"Effect\":\"Allow\",\"Principal\":{\"Service\":\"cloudfront.amazonaws.com\"},\"Resource\":\"arn:aws:s3:::vex5hub-assets-899673281585/*\",\"Sid\":\"AllowCloudFrontServicePrincipal\"}],\"Version\":\"2012-10-17\"}"
          },
          "sensitive_attributes": [],
          "private": "bnVsbA==",
          "dependencies": [
            "aws_acm_certificate.main",
            "aws_apigatewayv2_api.main",
            "aws_cloudfront_cache_policy.optimized",
            "aws_cloudfront_distribution.main",
            "aws_cloudfront_function.rewrite_url",
            "aws_cloudfront_origin_access_control.main",
            "aws_s3_bucket.assets",
            "aws_s3_bucket.data",
            "aws_s3_bucket.website",
            "data.aws_caller_identity.current",
            "data.aws_cloudfront_cache_policy.caching_disabled",
            "data.aws_cloudfront_origin_request_policy.all_viewer_except_host_header"
          ]
        }
      ]
    },
    {
      "mode": "managed",
      "type": "aws_s3_bucket_policy",
      "name": "data",
      "provider": "provider[\"registry.terraform.io/hashicorp/aws\"]",
      "instances": [
        {
          "schema_version": 0,
          "attributes": {
            "bucket": "vex5hub-data-899673281585",
            "id": "vex5hub-data-899673281585",
            "policy": "{\"Statement\":[{\"Action\":\"s3:GetObject\",\"Condition\":{\"StringEquals\":{\"AWS:SourceArn\":\"arn:aws:cloudfront::899673281585:distribution/E2EG8BIAMHW2FN\"}},\"Effect\":\"Allow\",\"Principal\":{\"Service\":\"cloudfront.amazonaws.com\"},\"Resource\":\"arn:aws:s3:::vex5hub-data-899673281585/*\",\"Sid\":\"AllowCloudFrontServicePrincipal\"}],\"Version\":\"2012-10-17\"}"
          },
          "sensitive_attributes": [],
          "private": "bnVsbA==",
          "dependencies": [
            "aws_acm_certificate.main",
            "aws_apigatewayv2_api.main",
            "aws_cloudfront_cache_policy.optimized",
            "aws_cloudfront_distribution.main",
            "aws_cloudfront_function.rewrite_url",
            "aws_cloudfront_origin_access_control.main",
            "aws_s3_bucket.assets",
            "aws_s3_bucket.data",
            "aws_s3_bucket.website",
            "data.aws_caller_identity.current",
            "data.aws_cloudfront_cache_policy.caching_disabled",
            "data.aws_cloudfront_origin_request_policy.all_viewer_except_host_header"
          ]
        }
      ]
    },
    {
      "mode": "managed",
      "type": "aws_s3_bucket_policy",
      "name": "website",
      "provider": "provider[\"registry.terraform.io/hashicorp/aws\"]",
      "instances": [
        {
          "schema_version": 0,
          "attributes": {
            "bucket": "vex5hub-website-899673281585",
            "id": "vex5hub-website-899673281585",
            "policy": "{\"Statement\":[{\"Action\":\"s3:GetObject\",\"Condition\":{\"StringEquals\":{\"AWS:SourceArn\":\"arn:aws:cloudfront::899673281585:distribution/E2EG8BIAMHW2FN\"}},\"Effect\":\"Allow\",\"Principal\":{\"Service\":\"cloudfront.amazonaws.com\"},\"Resource\":\"arn:aws:s3:::vex5hub-website-899673281585/*\",\"Sid\":\"AllowCloudFrontServicePrincipal\"}],\"Version\":\"2012-10-17\"}"
          },
          "sensitive_attributes": [],
          "private": "bnVsbA==",
          "dependencies": [
            "aws_acm_certificate.main",
            "aws_apigatewayv2_api.main",
            "aws_cloudfront_cache_policy.optimized",
            "aws_cloudfront_distribution.main",
            "aws_cloudfront_function.rewrite_url",
            "aws_cloudfront_origin_access_control.main",
            "aws_s3_bucket.assets",
            "aws_s3_bucket.data",
            "aws_s3_bucket.website",
            "data.aws_caller_identity.current",
            "data.aws_cloudfront_cache_policy.caching_disabled",
            "data.aws_cloudfront_origin_request_policy.all_viewer_except_host_header"
          ]
        }
      ]
    },
    {
      "mode": "managed",
      "type": "aws_s3_bucket_public_access_block",
      "name": "assets",
      "provider": "provider[\"registry.terraform.io/hashicorp/aws\"]",
      "instances": [
        {
          "schema_version": 0,
          "attributes": {
            "block_public_acls": true,
            "block_public_policy": true,
            "bucket": "vex5hub-assets-899673281585",
            "id": "vex5hub-assets-899673281585",
            "ignore_public_acls": true,
            "restrict_public_buckets": true
          },
          "sensitive_attributes": [],
          "private": "bnVsbA==",
          "dependencies": [
            "aws_s3_bucket.assets",
            "data.aws_caller_identity.current"
          ]
        }
      ]
    },
    {
      "mode": "managed",
      "type": "aws_s3_bucket_public_access_block",
      "name": "data",
      "provider": "provider[\"registry.terraform.io/hashicorp/aws\"]",
      "instances": [
        {
          "schema_version": 0,
          "attributes": {
            "block_public_acls": true,
            "block_public_policy": true,
            "bucket": "vex5hub-data-899673281585",
            "id": "vex5hub-data-899673281585",
            "ignore_public_acls": true,
            "restrict_public_buckets": true
          },
          "sensitive_attributes": [],
          "private": "bnVsbA==",
          "dependencies": [
            "aws_s3_bucket.data",
            "data.aws_caller_identity.current"
          ]
        }
      ]
    },
    {
      "mode": "managed",
      "type": "aws_s3_bucket_public_access_block",
      "name": "website",
      "provider": "provider[\"registry.terraform.io/hashicorp/aws\"]",
      "instances": [
        {
          "schema_version": 0,
          "attributes": {
            "block_public_acls": true,
            "block_public_policy": true,
            "bucket": "vex5hub-website-899673281585",
            "id": "vex5hub-website-899673281585",
            "ignore_public_acls": true,
            "restrict_public_buckets": true
          },
          "sensitive_attributes": [],
          "private": "bnVsbA==",
          "dependencies": [
            "aws_s3_bucket.website",
            "data.aws_caller_identity.current"
          ]
        }
      ]
    },
    {
      "mode": "managed",
      "type": "aws_s3_bucket_server_side_encryption_configuration",
      "name": "assets",
      "provider": "provider[\"registry.terraform.io/hashicorp/aws\"]",
      "instances": [
        {
          "schema_version": 0,
          "attributes": {
            "bucket": "vex5hub-assets-899673281585",
            "expected_bucket_owner": "",
            "id": "vex5hub-assets-899673281585",
            "rule": [
              {
                "apply_server_side_encryption_by_default": [
                  {
                    "kms_master_key_id": "",
                    "sse_algorithm": "AES256"
                  }
                ],
                "bucket_key_enabled": false
              }
            ]
          },
          "sensitive_attributes": [],
          "private": "bnVsbA==",
          "dependencies": [
            "aws_s3_bucket.assets",
            "data.aws_caller_identity.current"
          ]
        }
      ]
    },
    {
      "mode": "managed",
      "type": "aws_s3_bucket_server_side_encryption_configuration",
      "name": "data",
      "provider": "provider[\"registry.terraform.io/hashicorp/aws\"]",
      "instances": [
        {
          "schema_version": 0,
          "attributes": {
            "bucket": "vex5hub-data-899673281585",
            "expected_bucket_owner": "",
            "id": "vex5hub-data-899673281585",
            "rule": [
              {
                "apply_server_side_encryption_by_default": [
                  {
                    "kms_master_key_id": "",
                    "sse_algorithm": "AES256"
                  }
                ],
                "bucket_key_enabled": false
              }
            ]
          },
          "sensitive_attributes": [],
          "private": "bnVsbA==",
          "dependencies": [
            "aws_s3_bucket.data",
            "data.aws_caller_identity.current"
          ]
        }
      ]
    },
    {
      "mode": "managed",
      "type": "aws_s3_bucket_server_side_encryption_configuration",
      "name": "website",
      "provider": "provider[\"registry.terraform.io/hashicorp/aws\"]",
      "instances": [
        {
          "schema_version": 0,
          "attributes": {
            "bucket": "vex5hub-website-899673281585",
            "expected_bucket_owner": "",
            "id": "vex5hub-website-899673281585",
            "rule": [
              {
                "apply_server_side_encryption_by_default": [
                  {
                    "kms_master_key_id": "",
                    "sse_algorithm": "AES256"
                  }
                ],
                "bucket_key_enabled": false
              }
            ]
          },
          "sensitive_attributes": [],
          "private": "bnVsbA==",
          "dependencies": [
            "aws_s3_bucket.website",
            "data.aws_caller_identity.current"
          ]
        }
      ]
    },
    {
      "mode": "managed",
      "type": "aws_s3_bucket_versioning",
      "name": "assets",
      "provider": "provider[\"registry.terraform.io/hashicorp/aws\"]",
      "instances": [
        {
          "schema_version": 0,
          "attributes": {
            "bucket": "vex5hub-assets-899673281585",
            "expected_bucket_owner": "",
            "id": "vex5hub-assets-899673281585",
            "mfa": null,
            "versioning_configuration": [
              {
                "mfa_delete": "",
                "status": "Enabled"
              }
            ]
          },
          "sensitive_attributes": [],
          "private": "bnVsbA==",
          "dependencies": [
            "aws_s3_bucket.assets",
            "data.aws_caller_identity.current"
          ]
        }
      ]
    },
    {
      "mode": "managed",
      "type": "aws_s3_bucket_versioning",
      "name": "data",
      "provider": "provider[\"registry.terraform.io/hashicorp/aws\"]",
      "instances": [
        {
          "schema_version": 0,
          "attributes": {
            "bucket": "vex5hub-data-899673281585",
            "expected_bucket_owner": "",
            "id": "vex5hub-data-899673281585",
            "mfa": null,
            "versioning_configuration": [
              {
                "mfa_delete": "",
                "status": "Enabled"
              }
            ]
          },
          "sensitive_attributes": [],
          "private": "bnVsbA==",
          "dependencies": [
            "aws_s3_bucket.data",
            "data.aws_caller_identity.current"
          ]
        }
      ]
    },
    {
      "mode": "managed",
      "type": "aws_s3_bucket_versioning",
      "name": "website",
      "provider": "provider[\"registry.terraform.io/hashicorp/aws\"]",
      "instances": [
        {
          "schema_version": 0,
          "attributes": {
            "bucket": "vex5hub-website-899673281585",
            "expected_bucket_owner": "",
            "id": "vex5hub-website-899673281585",
            "mfa": null,
            "versioning_configuration": [
              {
                "mfa_delete": "",
                "status": "Enabled"
              }
            ]
          },
          "sensitive_attributes": [],
          "private": "bnVsbA==",
          "dependencies": [
            "aws_s3_bucket.website",
            "data.aws_caller_identity.current"
          ]
        }
      ]
    },
    {
      "mode": "managed",
      "type": "aws_scheduler_schedule",
      "name": "content_update",
      "provider": "provider[\"registry.terraform.io/hashicorp/aws\"]",
      "instances": [
        {
          "schema_version": 0,
          "attributes": {
            "arn": "arn:aws:scheduler:ca-central-1:899673281585:schedule/default/vex5hub-content-update",
            "description": "",
            "end_date": "",
            "flexible_time_window": [
              {
                "maximum_window_in_minutes": 0,
                "mode": "OFF"
              }
            ],
            "group_name": "default",
            "id": "default/vex5hub-content-update",
            "kms_key_arn": "",
            "name": "vex5hub-content-update",
            "name_prefix": "",
            "schedule_expression": "rate(24 hours)",
            "schedule_expression_timezone": "UTC",
            "start_date": "",
            "state": "ENABLED",
            "target": [
              {
                "arn": "arn:aws:lambda:ca-central-1:899673281585:function:vex5hub-content-updater",
                "dead_letter_config": [],
                "ecs_parameters": [],
                "eventbridge_parameters": [],
                "input": "",
                "kinesis_parameters": [],
                "retry_policy": [
                  {
                    "maximum_event_age_in_seconds": 86400,
                    "maximum_retry_attempts": 3
                  }
                ],
                "role_arn": "arn:aws:iam::899673281585:role/vex5hub-scheduler-role",
                "sagemaker_pipeline_parameters": [],
                "sqs_parameters": []
              }
            ]
          },
          "sensitive_attributes": [],
          "private": "bnVsbA==",
          "dependencies": [
            "aws_acm_certificate.main",
            "aws_apigatewayv2_api.main",
            "aws_cloudfront_cache_policy.optimized",
            "aws_cloudfront_distribution.main",
            "aws_cloudfront_function.rewrite_url",
            "aws_cloudfront_origin_access_control.main",
            "aws_dynamodb_table.main",
            "aws_iam_role.lambda_execution",
            "aws_iam_role.scheduler_role",
            "aws_lambda_function.content_updater",
            "aws_s3_bucket.assets",
            "aws_s3_bucket.data",
            "aws_s3_bucket.website",
            "data.archive_file.lambda_zip",
            "data.aws_caller_identity.current",
            "data.aws_cloudfront_cache_policy.caching_disabled",
            "data.aws_cloudfront_origin_request_policy.all_viewer_except_host_header"
          ]
        }
      ]
    }
  ],
  "check_results": null
}
